{
  "name": "shaka-player-plugin",
  "version": "0.0.1",
  "lockfileVersion": 2,
  "requires": true,
  "packages": {
    "": {
      "version": "0.0.1",
      "license": "ISC",
      "dependencies": {
        "shaka-player-plugin-test": "^0.0.1"
      }
    },
    "node_modules/shaka-player-plugin-test": {
      "version": "0.0.1",
      "resolved": "https://registry.npmjs.org/shaka-player-plugin-test/-/shaka-player-plugin-test-0.0.1.tgz",
      "integrity": "sha512-iXCN1enNAX3wIE2kcaRgzpx+9AOo4yQlH2MIXMC8Ly0h7MN0T9jdZC2XvWrVvE8WNeD1sgQQ+pToBW1zNzDbKw=="
    }
  },
  "dependencies": {
    "shaka-player-plugin-test": {
      "version": "0.0.1",
      "resolved": "https://registry.npmjs.org/shaka-player-plugin-test/-/shaka-player-plugin-test-0.0.1.tgz",
      "integrity": "sha512-iXCN1enNAX3wIE2kcaRgzpx+9AOo4yQlH2MIXMC8Ly0h7MN0T9jdZC2XvWrVvE8WNeD1sgQQ+pToBW1zNzDbKw=="
    }
  }
}
